
Microsoft Visual Studio Solution File, Format Version 12.00
# Visual Studio 15
Project("{FAE04EC0-301F-11D3-BF4B-00C04F79EFBC}") = "Assembly-CSharp", "Assembly-CSharp.csproj", "{12547E87-9CFB-163C-619B-30CB870AFEB3}"
EndProject
Project("{FAE04EC0-301F-11D3-BF4B-00C04F79EFBC}") = "Assembly-CSharp", "Assembly-CSharp.Player.csproj", "{BD830B83-A9D0-61D0-916E-4BECD0D56E2C}"
EndProject
Global
	GlobalSection(SolutionConfigurationPlatforms) = preSolution
		Debug|Any CPU = Debug|Any CPU
		Release|Any CPU = Release|Any CPU
	EndGlobalSection
	GlobalSection(ProjectConfigurationPlatforms) = postSolution
		{12547E87-9CFB-163C-619B-30CB870AFEB3}.Debug|Any CPU.ActiveCfg = Debug|Any CPU
		{12547E87-9CFB-163C-619B-30CB870AFEB3}.Debug|Any CPU.Build.0 = Debug|Any CPU
		{12547E87-9CFB-163C-619B-30CB870AFEB3}.Release|Any CPU.ActiveCfg = Release|Any CPU
		{12547E87-9CFB-163C-619B-30CB870AFEB3}.Release|Any CPU.Build.0 = Release|Any CPU
		{BD830B83-A9D0-61D0-916E-4BECD0D56E2C}.Debug|Any CPU.ActiveCfg = Debug|Any CPU
		{BD830B83-A9D0-61D0-916E-4BECD0D56E2C}.Debug|Any CPU.Build.0 = Debug|Any CPU
		{BD830B83-A9D0-61D0-916E-4BECD0D56E2C}.Release|Any CPU.ActiveCfg = Release|Any CPU
		{BD830B83-A9D0-61D0-916E-4BECD0D56E2C}.Release|Any CPU.Build.0 = Release|Any CPU
	EndGlobalSection
	GlobalSection(SolutionProperties) = preSolution
		HideSolutionNode = FALSE
	EndGlobalSection
EndGlobal
